
Microsoft Visual Studio Solution File, Format Version 12.00
# Visual Studio Version 16
VisualStudioVersion = 16.0.29709.97
MinimumVisualStudioVersion = 10.0.40219.1
Project("{FAE04EC0-301F-11D3-BF4B-00C04F79EFBC}") = "TimingEvents", "TimingEvents\TimingEvents.csproj", "{C37200C6-C510-4C2A-808B-2085D75CDD84}"
EndProject
Global
	GlobalSection(SolutionConfigurationPlatforms) = preSolution
		Debug|Any CPU = Debug|Any CPU
		Release|Any CPU = Release|Any CPU
	EndGlobalSection
	GlobalSection(ProjectConfigurationPlatforms) = postSolution
		{C37200C6-C510-4C2A-808B-2085D75CDD84}.Debug|Any CPU.ActiveCfg = Debug|Any CPU
		{C37200C6-C510-4C2A-808B-2085D75CDD84}.Debug|Any CPU.Build.0 = Debug|Any CPU
		{C37200C6-C510-4C2A-808B-2085D75CDD84}.Release|Any CPU.ActiveCfg = Release|Any CPU
		{C37200C6-C510-4C2A-808B-2085D75CDD84}.Release|Any CPU.Build.0 = Release|Any CPU
	EndGlobalSection
	GlobalSection(SolutionProperties) = preSolution
		HideSolutionNode = FALSE
	EndGlobalSection
	GlobalSection(ExtensibilityGlobals) = postSolution
		SolutionGuid = {675942C8-B78E-4546-8A02-7B8075F3BF89}
	EndGlobalSection
EndGlobal
