
Microsoft Visual Studio Solution File, Format Version 12.00
# Visual Studio Version 16
VisualStudioVersion = 16.0.29709.97
MinimumVisualStudioVersion = 10.0.40219.1
Project("{FAE04EC0-301F-11D3-BF4B-00C04F79EFBC}") = "AddeventlistenerAndRemoveeventlistener", "AddeventlistenerAndRemoveeventlistener\AddeventlistenerAndRemoveeventlistener.csproj", "{D58AD714-0BB0-4F43-904B-537400B35430}"
EndProject
Global
	GlobalSection(SolutionConfigurationPlatforms) = preSolution
		Debug|Any CPU = Debug|Any CPU
		Release|Any CPU = Release|Any CPU
	EndGlobalSection
	GlobalSection(ProjectConfigurationPlatforms) = postSolution
		{D58AD714-0BB0-4F43-904B-537400B35430}.Debug|Any CPU.ActiveCfg = Debug|Any CPU
		{D58AD714-0BB0-4F43-904B-537400B35430}.Debug|Any CPU.Build.0 = Debug|Any CPU
		{D58AD714-0BB0-4F43-904B-537400B35430}.Release|Any CPU.ActiveCfg = Release|Any CPU
		{D58AD714-0BB0-4F43-904B-537400B35430}.Release|Any CPU.Build.0 = Release|Any CPU
	EndGlobalSection
	GlobalSection(SolutionProperties) = preSolution
		HideSolutionNode = FALSE
	EndGlobalSection
	GlobalSection(ExtensibilityGlobals) = postSolution
		SolutionGuid = {0B84EE19-FF1F-49C3-8001-3F89567CA1F4}
	EndGlobalSection
EndGlobal
