
Microsoft Visual Studio Solution File, Format Version 12.00
# Visual Studio Version 16
VisualStudioVersion = 16.0.29709.97
MinimumVisualStudioVersion = 10.0.40219.1
Project("{FAE04EC0-301F-11D3-BF4B-00C04F79EFBC}") = "PopupWindow", "PopupWindow\PopupWindow.csproj", "{A736340D-5A56-4E38-A0FA-CEF33106A6D5}"
EndProject
Global
	GlobalSection(SolutionConfigurationPlatforms) = preSolution
		Debug|Any CPU = Debug|Any CPU
		Release|Any CPU = Release|Any CPU
	EndGlobalSection
	GlobalSection(ProjectConfigurationPlatforms) = postSolution
		{A736340D-5A56-4E38-A0FA-CEF33106A6D5}.Debug|Any CPU.ActiveCfg = Debug|Any CPU
		{A736340D-5A56-4E38-A0FA-CEF33106A6D5}.Debug|Any CPU.Build.0 = Debug|Any CPU
		{A736340D-5A56-4E38-A0FA-CEF33106A6D5}.Release|Any CPU.ActiveCfg = Release|Any CPU
		{A736340D-5A56-4E38-A0FA-CEF33106A6D5}.Release|Any CPU.Build.0 = Release|Any CPU
	EndGlobalSection
	GlobalSection(SolutionProperties) = preSolution
		HideSolutionNode = FALSE
	EndGlobalSection
	GlobalSection(ExtensibilityGlobals) = postSolution
		SolutionGuid = {FDEA6037-80FD-4313-A6E0-4F7C59EAEAC2}
	EndGlobalSection
EndGlobal
