
Microsoft Visual Studio Solution File, Format Version 12.00
# Visual Studio Version 16
VisualStudioVersion = 16.0.29709.97
MinimumVisualStudioVersion = 10.0.40219.1
Project("{FAE04EC0-301F-11D3-BF4B-00C04F79EFBC}") = "ErrorHandling", "ErrorHandling\ErrorHandling.csproj", "{DDCAB3AC-9247-44A8-9849-BF79802D3080}"
EndProject
Global
	GlobalSection(SolutionConfigurationPlatforms) = preSolution
		Debug|Any CPU = Debug|Any CPU
		Release|Any CPU = Release|Any CPU
	EndGlobalSection
	GlobalSection(ProjectConfigurationPlatforms) = postSolution
		{DDCAB3AC-9247-44A8-9849-BF79802D3080}.Debug|Any CPU.ActiveCfg = Debug|Any CPU
		{DDCAB3AC-9247-44A8-9849-BF79802D3080}.Debug|Any CPU.Build.0 = Debug|Any CPU
		{DDCAB3AC-9247-44A8-9849-BF79802D3080}.Release|Any CPU.ActiveCfg = Release|Any CPU
		{DDCAB3AC-9247-44A8-9849-BF79802D3080}.Release|Any CPU.Build.0 = Release|Any CPU
	EndGlobalSection
	GlobalSection(SolutionProperties) = preSolution
		HideSolutionNode = FALSE
	EndGlobalSection
	GlobalSection(ExtensibilityGlobals) = postSolution
		SolutionGuid = {F0307E67-364B-45F0-9F9B-2543DB801F51}
	EndGlobalSection
EndGlobal
