
Microsoft Visual Studio Solution File, Format Version 12.00
# Visual Studio Version 16
VisualStudioVersion = 16.0.29709.97
MinimumVisualStudioVersion = 10.0.40219.1
Project("{FAE04EC0-301F-11D3-BF4B-00C04F79EFBC}") = "RegularExpressionsInJavaScript", "RegularExpressionsInJavaScript\RegularExpressionsInJavaScript.csproj", "{494F5EAD-C5DA-439A-81B9-47A8AB691F11}"
EndProject
Global
	GlobalSection(SolutionConfigurationPlatforms) = preSolution
		Debug|Any CPU = Debug|Any CPU
		Release|Any CPU = Release|Any CPU
	EndGlobalSection
	GlobalSection(ProjectConfigurationPlatforms) = postSolution
		{494F5EAD-C5DA-439A-81B9-47A8AB691F11}.Debug|Any CPU.ActiveCfg = Debug|Any CPU
		{494F5EAD-C5DA-439A-81B9-47A8AB691F11}.Debug|Any CPU.Build.0 = Debug|Any CPU
		{494F5EAD-C5DA-439A-81B9-47A8AB691F11}.Release|Any CPU.ActiveCfg = Release|Any CPU
		{494F5EAD-C5DA-439A-81B9-47A8AB691F11}.Release|Any CPU.Build.0 = Release|Any CPU
	EndGlobalSection
	GlobalSection(SolutionProperties) = preSolution
		HideSolutionNode = FALSE
	EndGlobalSection
	GlobalSection(ExtensibilityGlobals) = postSolution
		SolutionGuid = {98BFB965-DBBF-414D-A92C-06098B5FA12C}
	EndGlobalSection
EndGlobal
