
Microsoft Visual Studio Solution File, Format Version 12.00
# Visual Studio Version 16
VisualStudioVersion = 16.0.29709.97
MinimumVisualStudioVersion = 10.0.40219.1
Project("{FAE04EC0-301F-11D3-BF4B-00C04F79EFBC}") = "StoreMultipleKeyValuePairsInACookie", "StoreMultipleKeyValuePairsInACookie\StoreMultipleKeyValuePairsInACookie.csproj", "{9CB799E2-FD5B-43E4-BC58-B93AC1D432EB}"
EndProject
Global
	GlobalSection(SolutionConfigurationPlatforms) = preSolution
		Debug|Any CPU = Debug|Any CPU
		Release|Any CPU = Release|Any CPU
	EndGlobalSection
	GlobalSection(ProjectConfigurationPlatforms) = postSolution
		{9CB799E2-FD5B-43E4-BC58-B93AC1D432EB}.Debug|Any CPU.ActiveCfg = Debug|Any CPU
		{9CB799E2-FD5B-43E4-BC58-B93AC1D432EB}.Debug|Any CPU.Build.0 = Debug|Any CPU
		{9CB799E2-FD5B-43E4-BC58-B93AC1D432EB}.Release|Any CPU.ActiveCfg = Release|Any CPU
		{9CB799E2-FD5B-43E4-BC58-B93AC1D432EB}.Release|Any CPU.Build.0 = Release|Any CPU
	EndGlobalSection
	GlobalSection(SolutionProperties) = preSolution
		HideSolutionNode = FALSE
	EndGlobalSection
	GlobalSection(ExtensibilityGlobals) = postSolution
		SolutionGuid = {5AB59C49-406B-4492-947A-D233667125A6}
	EndGlobalSection
EndGlobal
